// !$*UTF8*$!
{
	archiveVersion = 1;
	classes = {
	};
	objectVersion = 50;
	objects = {

/* Begin PBXBuildFile section */
		64EF6F752572A2A60003CEA1 /* AppDelegate.swift in Sources */ = {isa = PBXBuildFile; fileRef = 64EF6F742572A2A60003CEA1 /* AppDelegate.swift */; };
		64EF6F772572A2A60003CEA1 /* SceneDelegate.swift in Sources */ = {isa = PBXBuildFile; fileRef = 64EF6F762572A2A60003CEA1 /* SceneDelegate.swift */; };
		64EF6F792572A2A60003CEA1 /* ViewController.swift in Sources */ = {isa = PBXBuildFile; fileRef = 64EF6F782572A2A60003CEA1 /* ViewController.swift */; };
		64EF6F7C2572A2A60003CEA1 /* Main.storyboard in Resources */ = {isa = PBXBuildFile; fileRef = 64EF6F7A2572A2A60003CEA1 /* Main.storyboard */; };
		64EF6F7E2572A2A90003CEA1 /* Assets.xcassets in Resources */ = {isa = PBXBuildFile; fileRef = 64EF6F7D2572A2A90003CEA1 /* Assets.xcassets */; };
		64EF6F812572A2A90003CEA1 /* LaunchScreen.storyboard in Resources */ = {isa = PBXBuildFile; fileRef = 64EF6F7F2572A2A90003CEA1 /* LaunchScreen.storyboard */; };
		64EF6F8C2572A2A90003CEA1 /* TODOTests.swift in Sources */ = {isa = PBXBuildFile; fileRef = 64EF6F8B2572A2A90003CEA1 /* TODOTests.swift */; };
		64EF6F972572A2A90003CEA1 /* TODOUITests.swift in Sources */ = {isa = PBXBuildFile; fileRef = 64EF6F962572A2A90003CEA1 /* TODOUITests.swift */; };
/* End PBXBuildFile section */

/* Begin PBXContainerItemProxy section */
		64EF6F882572A2A90003CEA1 /* PBXContainerItemProxy */ = {
			isa = PBXContainerItemProxy;
			containerPortal = 64EF6F692572A2A60003CEA1 /* Project object */;
			proxyType = 1;
			remoteGlobalIDString = 64EF6F702572A2A60003CEA1;
			remoteInfo = TODO;
		};
		64EF6F932572A2A90003CEA1 /* PBXContainerItemProxy */ = {
			isa = PBXContainerItemProxy;
			containerPortal = 64EF6F692572A2A60003CEA1 /* Project object */;
			proxyType = 1;
			remoteGlobalIDString = 64EF6F702572A2A60003CEA1;
			remoteInfo = TODO;
		};
/* End PBXContainerItemProxy section */

/* Begin PBXFileReference section */
		64EF6F712572A2A60003CEA1 /* TODO.app */ = {isa = PBXFileReference; explicitFileType = wrapper.application; includeInIndex = 0; path = TODO.app; sourceTree = BUILT_PRODUCTS_DIR; };
		64EF6F742572A2A60003CEA1 /* AppDelegate.swift */ = {isa = PBXFileReference; lastKnownFileType = sourcecode.swift; path = AppDelegate.swift; sourceTree = "<group>"; };
		64EF6F762572A2A60003CEA1 /* SceneDelegate.swift */ = {isa = PBXFileReference; lastKnownFileType = sourcecode.swift; path = SceneDelegate.swift; sourceTree = "<group>"; };
		64EF6F782572A2A60003CEA1 /* ViewController.swift */ = {isa = PBXFileReference; lastKnownFileType = sourcecode.swift; path = ViewController.swift; sourceTree = "<group>"; };
		64EF6F7B2572A2A60003CEA1 /* Base */ = {isa = PBXFileReference; lastKnownFileType = file.storyboard; name = Base; path = Base.lproj/Main.storyboard; sourceTree = "<group>"; };
		64EF6F7D2572A2A90003CEA1 /* Assets.xcassets */ = {isa = PBXFileReference; lastKnownFileType = folder.assetcatalog; path = Assets.xcassets; sourceTree = "<group>"; };
		64EF6F802572A2A90003CEA1 /* Base */ = {isa = PBXFileReference; lastKnownFileType = file.storyboard; name = Base; path = Base.lproj/LaunchScreen.storyboard; sourceTree = "<group>"; };
		64EF6F822572A2A90003CEA1 /* Info.plist */ = {isa = PBXFileReference; lastKnownFileType = text.plist.xml; path = Info.plist; sourceTree = "<group>"; };
		64EF6F872572A2A90003CEA1 /* TODOTests.xctest */ = {isa = PBXFileReference; explicitFileType = wrapper.cfbundle; includeInIndex = 0; path = TODOTests.xctest; sourceTree = BUILT_PRODUCTS_DIR; };
		64EF6F8B2572A2A90003CEA1 /* TODOTests.swift */ = {isa = PBXFileReference; lastKnownFileType = sourcecode.swift; path = TODOTests.swift; sourceTree = "<group>"; };
		64EF6F8D2572A2A90003CEA1 /* Info.plist */ = {isa = PBXFileReference; lastKnownFileType = text.plist.xml; path = Info.plist; sourceTree = "<group>"; };
		64EF6F922572A2A90003CEA1 /* TODOUITests.xctest */ = {isa = PBXFileReference; explicitFileType = wrapper.cfbundle; includeInIndex = 0; path = TODOUITests.xctest; sourceTree = BUILT_PRODUCTS_DIR; };
		64EF6F962572A2A90003CEA1 /* TODOUITests.swift */ = {isa = PBXFileReference; lastKnownFileType = sourcecode.swift; path = TODOUITests.swift; sourceTree = "<group>"; };
		64EF6F982572A2A90003CEA1 /* Info.plist */ = {isa = PBXFileReference; lastKnownFileType = text.plist.xml; path = Info.plist; sourceTree = "<group>"; };
/* End PBXFileReference section */

/* Begin PBXFrameworksBuildPhase section */
		64EF6F6E2572A2A60003CEA1 /* Frameworks */ = {
			isa = PBXFrameworksBuildPhase;
			buildActionMask = 2147483647;
			files = (
			);
			runOnlyForDeploymentPostprocessing = 0;
		};
		64EF6F842572A2A90003CEA1 /* Frameworks */ = {
			isa = PBXFrameworksBuildPhase;
			buildActionMask = 2147483647;
			files = (
			);
			runOnlyForDeploymentPostprocessing = 0;
		};
		64EF6F8F2572A2A90003CEA1 /* Frameworks */ = {
			isa = PBXFrameworksBuildPhase;
			buildActionMask = 2147483647;
			files = (
			);
			runOnlyForDeploymentPostprocessing = 0;
		};
/* End PBXFrameworksBuildPhase section */

/* Begin PBXGroup section */
		64EF6F682572A2A60003CEA1 = {
			isa = PBXGroup;
			children = (
				64EF6F732572A2A60003CEA1 /* TODO */,
				64EF6F8A2572A2A90003CEA1 /* TODOTests */,
				64EF6F952572A2A90003CEA1 /* TODOUITests */,
				64EF6F722572A2A60003CEA1 /* Products */,
			);
			sourceTree = "<group>";
		};
		64EF6F722572A2A60003CEA1 /* Products */ = {
			isa = PBXGroup;
			children = (
				64EF6F712572A2A60003CEA1 /* TODO.app */,
				64EF6F872572A2A90003CEA1 /* TODOTests.xctest */,
				64EF6F922572A2A90003CEA1 /* TODOUITests.xctest */,
			);
			name = Products;
			sourceTree = "<group>";
		};
		64EF6F732572A2A60003CEA1 /* TODO */ = {
			isa = PBXGroup;
			children = (
				64EF6F742572A2A60003CEA1 /* AppDelegate.swift */,
				64EF6F762572A2A60003CEA1 /* SceneDelegate.swift */,
				64EF6F782572A2A60003CEA1 /* ViewController.swift */,
				64EF6F7A2572A2A60003CEA1 /* Main.storyboard */,
				64EF6F7D2572A2A90003CEA1 /* Assets.xcassets */,
				64EF6F7F2572A2A90003CEA1 /* LaunchScreen.storyboard */,
				64EF6F822572A2A90003CEA1 /* Info.plist */,
			);
			path = TODO;
			sourceTree = "<group>";
		};
		64EF6F8A2572A2A90003CEA1 /* TODOTests */ = {
			isa = PBXGroup;
			children = (
				64EF6F8B2572A2A90003CEA1 /* TODOTests.swift */,
				64EF6F8D2572A2A90003CEA1 /* Info.plist */,
			);
			path = TODOTests;
			sourceTree = "<group>";
		};
		64EF6F952572A2A90003CEA1 /* TODOUITests */ = {
			isa = PBXGroup;
			children = (
				64EF6F962572A2A90003CEA1 /* TODOUITests.swift */,
				64EF6F982572A2A90003CEA1 /* Info.plist */,
			);
			path = TODOUITests;
			sourceTree = "<group>";
		};
/* End PBXGroup section */

/* Begin PBXNativeTarget section */
		64EF6F702572A2A60003CEA1 /* TODO */ = {
			isa = PBXNativeTarget;
			buildConfigurationList = 64EF6F9B2572A2A90003CEA1 /* Build configuration list for PBXNativeTarget "TODO" */;
			buildPhases = (
				64EF6F6D2572A2A60003CEA1 /* Sources */,
				64EF6F6E2572A2A60003CEA1 /* Frameworks */,
				64EF6F6F2572A2A60003CEA1 /* Resources */,
			);
			buildRules = (
			);
			dependencies = (
			);
			name = TODO;
			productName = TODO;
			productReference = 64EF6F712572A2A60003CEA1 /* TODO.app */;
			productType = "com.apple.product-type.application";
		};
		64EF6F862572A2A90003CEA1 /* TODOTests */ = {
			isa = PBXNativeTarget;
			buildConfigurationList = 64EF6F9E2572A2A90003CEA1 /* Build configuration list for PBXNativeTarget "TODOTests" */;
			buildPhases = (
				64EF6F832572A2A90003CEA1 /* Sources */,
				64EF6F842572A2A90003CEA1 /* Frameworks */,
				64EF6F852572A2A90003CEA1 /* Resources */,
			);
			buildRules = (
			);
			dependencies = (
				64EF6F892572A2A90003CEA1 /* PBXTargetDependency */,
			);
			name = TODOTests;
			productName = TODOTests;
			productReference = 64EF6F872572A2A90003CEA1 /* TODOTests.xctest */;
			productType = "com.apple.product-type.bundle.unit-test";
		};
		64EF6F912572A2A90003CEA1 /* TODOUITests */ = {
			isa = PBXNativeTarget;
			buildConfigurationList = 64EF6FA12572A2A90003CEA1 /* Build configuration list for PBXNativeTarget "TODOUITests" */;
			buildPhases = (
				64EF6F8E2572A2A90003CEA1 /* Sources */,
				64EF6F8F2572A2A90003CEA1 /* Frameworks */,
				64EF6F902572A2A90003CEA1 /* Resources */,
			);
			buildRules = (
			);
			dependencies = (
				64EF6F942572A2A90003CEA1 /* PBXTargetDependency */,
			);
			name = TODOUITests;
			productName = TODOUITests;
			productReference = 64EF6F922572A2A90003CEA1 /* TODOUITests.xctest */;
			productType = "com.apple.product-type.bundle.ui-testing";
		};
/* End PBXNativeTarget section */

/* Begin PBXProject section */
		64EF6F692572A2A60003CEA1 /* Project object */ = {
			isa = PBXProject;
			attributes = {
				LastSwiftUpdateCheck = 1220;
				LastUpgradeCheck = 1220;
				TargetAttributes = {
					64EF6F702572A2A60003CEA1 = {
						CreatedOnToolsVersion = 12.2;
					};
					64EF6F862572A2A90003CEA1 = {
						CreatedOnToolsVersion = 12.2;
						TestTargetID = 64EF6F702572A2A60003CEA1;
					};
					64EF6F912572A2A90003CEA1 = {
						CreatedOnToolsVersion = 12.2;
						TestTargetID = 64EF6F702572A2A60003CEA1;
					};
				};
			};
			buildConfigurationList = 64EF6F6C2572A2A60003CEA1 /* Build configuration list for PBXProject "TODO" */;
			compatibilityVersion = "Xcode 9.3";
			developmentRegion = en;
			hasScannedForEncodings = 0;
			knownRegions = (
				en,
				Base,
			);
			mainGroup = 64EF6F682572A2A60003CEA1;
			productRefGroup = 64EF6F722572A2A60003CEA1 /* Products */;
			projectDirPath = "";
			projectRoot = "";
			targets = (
				64EF6F702572A2A60003CEA1 /* TODO */,
				64EF6F862572A2A90003CEA1 /* TODOTests */,
				64EF6F912572A2A90003CEA1 /* TODOUITests */,
			);
		};
/* End PBXProject section */

/* Begin PBXResourcesBuildPhase section */
		64EF6F6F2572A2A60003CEA1 /* Resources */ = {
			isa = PBXResourcesBuildPhase;
			buildActionMask = 2147483647;
			files = (
				64EF6F812572A2A90003CEA1 /* LaunchScreen.storyboard in Resources */,
				64EF6F7E2572A2A90003CEA1 /* Assets.xcassets in Resources */,
				64EF6F7C2572A2A60003CEA1 /* Main.storyboard in Resources */,
			);
			runOnlyForDeploymentPostprocessing = 0;
		};
		64EF6F852572A2A90003CEA1 /* Resources */ = {
			isa = PBXResourcesBuildPhase;
			buildActionMask = 2147483647;
			files = (
			);
			runOnlyForDeploymentPostprocessing = 0;
		};
		64EF6F902572A2A90003CEA1 /* Resources */ = {
			isa = PBXResourcesBuildPhase;
			buildActionMask = 2147483647;
			files = (
			);
			runOnlyForDeploymentPostprocessing = 0;
		};
/* End PBXResourcesBuildPhase section */

/* Begin PBXSourcesBuildPhase section */
		64EF6F6D2572A2A60003CEA1 /* Sources */ = {
			isa = PBXSourcesBuildPhase;
			buildActionMask = 2147483647;
			files = (
				64EF6F792572A2A60003CEA1 /* ViewController.swift in Sources */,
				64EF6F752572A2A60003CEA1 /* AppDelegate.swift in Sources */,
				64EF6F772572A2A60003CEA1 /* SceneDelegate.swift in Sources */,
			);
			runOnlyForDeploymentPostprocessing = 0;
		};
		64EF6F832572A2A90003CEA1 /* Sources */ = {
			isa = PBXSourcesBuildPhase;
			buildActionMask = 2147483647;
			files = (
				64EF6F8C2572A2A90003CEA1 /* TODOTests.swift in Sources */,
			);
			runOnlyForDeploymentPostprocessing = 0;
		};
		64EF6F8E2572A2A90003CEA1 /* Sources */ = {
			isa = PBXSourcesBuildPhase;
			buildActionMask = 2147483647;
			files = (
				64EF6F972572A2A90003CEA1 /* TODOUITests.swift in Sources */,
			);
			runOnlyForDeploymentPostprocessing = 0;
		};
/* End PBXSourcesBuildPhase section */

/* Begin PBXTargetDependency section */
		64EF6F892572A2A90003CEA1 /* PBXTargetDependency */ = {
			isa = PBXTargetDependency;
			target = 64EF6F702572A2A60003CEA1 /* TODO */;
			targetProxy = 64EF6F882572A2A90003CEA1 /* PBXContainerItemProxy */;
		};
		64EF6F942572A2A90003CEA1 /* PBXTargetDependency */ = {
			isa = PBXTargetDependency;
			target = 64EF6F702572A2A60003CEA1 /* TODO */;
			targetProxy = 64EF6F932572A2A90003CEA1 /* PBXContainerItemProxy */;
		};
/* End PBXTargetDependency section */

/* Begin PBXVariantGroup section */
		64EF6F7A2572A2A60003CEA1 /* Main.storyboard */ = {
			isa = PBXVariantGroup;
			children = (
				64EF6F7B2572A2A60003CEA1 /* Base */,
			);
			name = Main.storyboard;
			sourceTree = "<group>";
		};
		64EF6F7F2572A2A90003CEA1 /* LaunchScreen.storyboard */ = {
			isa = PBXVariantGroup;
			children = (
				64EF6F802572A2A90003CEA1 /* Base */,
			);
			name = LaunchScreen.storyboard;
			sourceTree = "<group>";
		};
/* End PBXVariantGroup section */

/* Begin XCBuildConfiguration section */
		64EF6F992572A2A90003CEA1 /* Debug */ = {
			isa = XCBuildConfiguration;
			buildSettings = {
				ALWAYS_SEARCH_USER_PATHS = NO;
				CLANG_ANALYZER_NONNULL = YES;
				CLANG_ANALYZER_NUMBER_OBJECT_CONVERSION = YES_AGGRESSIVE;
				CLANG_CXX_LANGUAGE_STANDARD = "gnu++14";
				CLANG_CXX_LIBRARY = "libc++";
				CLANG_ENABLE_MODULES = YES;
				CLANG_ENABLE_OBJC_ARC = YES;
				CLANG_ENABLE_OBJC_WEAK = YES;
				CLANG_WARN_BLOCK_CAPTURE_AUTORELEASING = YES;
				CLANG_WARN_BOOL_CONVERSION = YES;
				CLANG_WARN_COMMA = YES;
				CLANG_WARN_CONSTANT_CONVERSION = YES;
				CLANG_WARN_DEPRECATED_OBJC_IMPLEMENTATIONS = YES;
				CLANG_WARN_DIRECT_OBJC_ISA_USAGE = YES_ERROR;
				CLANG_WARN_DOCUMENTATION_COMMENTS = YES;
				CLANG_WARN_EMPTY_BODY = YES;
				CLANG_WARN_ENUM_CONVERSION = YES;
				CLANG_WARN_INFINITE_RECURSION = YES;
				CLANG_WARN_INT_CONVERSION = YES;
				CLANG_WARN_NON_LITERAL_NULL_CONVERSION = YES;
				CLANG_WARN_OBJC_IMPLICIT_RETAIN_SELF = YES;
				CLANG_WARN_OBJC_LITERAL_CONVERSION = YES;
				CLANG_WARN_OBJC_ROOT_CLASS = YES_ERROR;
				CLANG_WARN_QUOTED_INCLUDE_IN_FRAMEWORK_HEADER = YES;
				CLANG_WARN_RANGE_LOOP_ANALYSIS = YES;
				CLANG_WARN_STRICT_PROTOTYPES = YES;
				CLANG_WARN_SUSPICIOUS_MOVE = YES;
				CLANG_WARN_UNGUARDED_AVAILABILITY = YES_AGGRESSIVE;
				CLANG_WARN_UNREACHABLE_CODE = YES;
				CLANG_WARN__DUPLICATE_METHOD_MATCH = YES;
				COPY_PHASE_STRIP = NO;
				DEBUG_INFORMATION_FORMAT = dwarf;
				ENABLE_STRICT_OBJC_MSGSEND = YES;
				ENABLE_TESTABILITY = YES;
				GCC_C_LANGUAGE_STANDARD = gnu11;
				GCC_DYNAMIC_NO_PIC = NO;
				GCC_NO_COMMON_BLOCKS = YES;
				GCC_OPTIMIZATION_LEVEL = 0;
				GCC_PREPROCESSOR_DEFINITIONS = (
					"DEBUG=1",
					"$(inherited)",
				);
				GCC_WARN_64_TO_32_BIT_CONVERSION = YES;
				GCC_WARN_ABOUT_RETURN_TYPE = YES_ERROR;
				GCC_WARN_UNDECLARED_SELECTOR = YES;
				GCC_WARN_UNINITIALIZED_AUTOS = YES_AGGRESSIVE;
				GCC_WARN_UNUSED_FUNCTION = YES;
				GCC_WARN_UNUSED_VARIABLE = YES;
				IPHONEOS_DEPLOYMENT_TARGET = 14.2;
				MTL_ENABLE_DEBUG_INFO = INCLUDE_SOURCE;
				MTL_FAST_MATH = YES;
				ONLY_ACTIVE_ARCH = YES;
				SDKROOT = iphoneos;
				SWIFT_ACTIVE_COMPILATION_CONDITIONS = DEBUG;
				SWIFT_OPTIMIZATION_LEVEL = "-Onone";
			};
			name = Debug;
		};
		64EF6F9A2572A2A90003CEA1 /* Release */ = {
			isa = XCBuildConfiguration;
			buildSettings = {
				ALWAYS_SEARCH_USER_PATHS = NO;
				CLANG_ANALYZER_NONNULL = YES;
				CLANG_ANALYZER_NUMBER_OBJECT_CONVERSION = YES_AGGRESSIVE;
				CLANG_CXX_LANGUAGE_STANDARD = "gnu++14";
				CLANG_CXX_LIBRARY = "libc++";
				CLANG_ENABLE_MODULES = YES;
				CLANG_ENABLE_OBJC_ARC = YES;
				CLANG_ENABLE_OBJC_WEAK = YES;
				CLANG_WARN_BLOCK_CAPTURE_AUTORELEASING = YES;
				CLANG_WARN_BOOL_CONVERSION = YES;
				CLANG_WARN_COMMA = YES;
				CLANG_WARN_CONSTANT_CONVERSION = YES;
				CLANG_WARN_DEPRECATED_OBJC_IMPLEMENTATIONS = YES;
				CLANG_WARN_DIRECT_OBJC_ISA_USAGE = YES_ERROR;
				CLANG_WARN_DOCUMENTATION_COMMENTS = YES;
				CLANG_WARN_EMPTY_BODY = YES;
				CLANG_WARN_ENUM_CONVERSION = YES;
				CLANG_WARN_INFINITE_RECURSION = YES;
				CLANG_WARN_INT_CONVERSION = YES;
				CLANG_WARN_NON_LITERAL_NULL_CONVERSION = YES;
				CLANG_WARN_OBJC_IMPLICIT_RETAIN_SELF = YES;
				CLANG_WARN_OBJC_LITERAL_CONVERSION = YES;
				CLANG_WARN_OBJC_ROOT_CLASS = YES_ERROR;
				CLANG_WARN_QUOTED_INCLUDE_IN_FRAMEWORK_HEADER = YES;
				CLANG_WARN_RANGE_LOOP_ANALYSIS = YES;
				CLANG_WARN_STRICT_PROTOTYPES = YES;
				CLANG_WARN_SUSPICIOUS_MOVE = YES;
				CLANG_WARN_UNGUARDED_AVAILABILITY = YES_AGGRESSIVE;
				CLANG_WARN_UNREACHABLE_CODE = YES;
				CLANG_WARN__DUPLICATE_METHOD_MATCH = YES;
				COPY_PHASE_STRIP = NO;
				DEBUG_INFORMATION_FORMAT = "dwarf-with-dsym";
				ENABLE_NS_ASSERTIONS = NO;
				ENABLE_STRICT_OBJC_MSGSEND = YES;
				GCC_C_LANGUAGE_STANDARD = gnu11;
				GCC_NO_COMMON_BLOCKS = YES;
				GCC_WARN_64_TO_32_BIT_CONVERSION = YES;
				GCC_WARN_ABOUT_RETURN_TYPE = YES_ERROR;
				GCC_WARN_UNDECLARED_SELECTOR = YES;
				GCC_WARN_UNINITIALIZED_AUTOS = YES_AGGRESSIVE;
				GCC_WARN_UNUSED_FUNCTION = YES;
				GCC_WARN_UNUSED_VARIABLE = YES;
				IPHONEOS_DEPLOYMENT_TARGET = 14.2;
				MTL_ENABLE_DEBUG_INFO = NO;
				MTL_FAST_MATH = YES;
				SDKROOT = iphoneos;
				SWIFT_COMPILATION_MODE = wholemodule;
				SWIFT_OPTIMIZATION_LEVEL = "-O";
				VALIDATE_PRODUCT = YES;
			};
			name = Release;
		};
		64EF6F9C2572A2A90003CEA1 /* Debug */ = {
			isa = XCBuildConfiguration;
			buildSettings = {
				ASSETCATALOG_COMPILER_APPICON_NAME = AppIcon;
				ASSETCATALOG_COMPILER_GLOBAL_ACCENT_COLOR_NAME = AccentColor;
				CODE_SIGN_STYLE = Automatic;
				DEVELOPMENT_TEAM = K25D5A9T93;
				INFOPLIST_FILE = TODO/Info.plist;
				LD_RUNPATH_SEARCH_PATHS = (
					"$(inherited)",
					"@executable_path/Frameworks",
				);
				PRODUCT_BUNDLE_IDENTIFIER = "Raphael-Charoze.TODO";
				PRODUCT_NAME = "$(TARGET_NAME)";
				SWIFT_VERSION = 5.0;
				TARGETED_DEVICE_FAMILY = "1,2";
			};
			name = Debug;
		};
		64EF6F9D2572A2A90003CEA1 /* Release */ = {
			isa = XCBuildConfiguration;
			buildSettings = {
				ASSETCATALOG_COMPILER_APPICON_NAME = AppIcon;
				ASSETCATALOG_COMPILER_GLOBAL_ACCENT_COLOR_NAME = AccentColor;
				CODE_SIGN_STYLE = Automatic;
				DEVELOPMENT_TEAM = K25D5A9T93;
				INFOPLIST_FILE = TODO/Info.plist;
				LD_RUNPATH_SEARCH_PATHS = (
					"$(inherited)",
					"@executable_path/Frameworks",
				);
				PRODUCT_BUNDLE_IDENTIFIER = "Raphael-Charoze.TODO";
				PRODUCT_NAME = "$(TARGET_NAME)";
				SWIFT_VERSION = 5.0;
				TARGETED_DEVICE_FAMILY = "1,2";
			};
			name = Release;
		};
		64EF6F9F2572A2A90003CEA1 /* Debug */ = {
			isa = XCBuildConfiguration;
			buildSettings = {
				ALWAYS_EMBED_SWIFT_STANDARD_LIBRARIES = YES;
				BUNDLE_LOADER = "$(TEST_HOST)";
				CODE_SIGN_STYLE = Automatic;
				DEVELOPMENT_TEAM = K25D5A9T93;
				INFOPLIST_FILE = TODOTests/Info.plist;
				IPHONEOS_DEPLOYMENT_TARGET = 14.2;
				LD_RUNPATH_SEARCH_PATHS = (
					"$(inherited)",
					"@executable_path/Frameworks",
					"@loader_path/Frameworks",
				);
				PRODUCT_BUNDLE_IDENTIFIER = "Raphae-l-Charoze-.TODOTests";
				PRODUCT_NAME = "$(TARGET_NAME)";
				SWIFT_VERSION = 5.0;
				TARGETED_DEVICE_FAMILY = "1,2";
				TEST_HOST = "$(BUILT_PRODUCTS_DIR)/TODO.app/TODO";
			};
			name = Debug;
		};
		64EF6FA02572A2A90003CEA1 /* Release */ = {
			isa = XCBuildConfiguration;
			buildSettings = {
				ALWAYS_EMBED_SWIFT_STANDARD_LIBRARIES = YES;
				BUNDLE_LOADER = "$(TEST_HOST)";
				CODE_SIGN_STYLE = Automatic;
				DEVELOPMENT_TEAM = K25D5A9T93;
				INFOPLIST_FILE = TODOTests/Info.plist;
				IPHONEOS_DEPLOYMENT_TARGET = 14.2;
				LD_RUNPATH_SEARCH_PATHS = (
					"$(inherited)",
					"@executable_path/Frameworks",
					"@loader_path/Frameworks",
				);
				PRODUCT_BUNDLE_IDENTIFIER = "Raphae-l-Charoze-.TODOTests";
				PRODUCT_NAME = "$(TARGET_NAME)";
				SWIFT_VERSION = 5.0;
				TARGETED_DEVICE_FAMILY = "1,2";
				TEST_HOST = "$(BUILT_PRODUCTS_DIR)/TODO.app/TODO";
			};
			name = Release;
		};
		64EF6FA22572A2A90003CEA1 /* Debug */ = {
			isa = XCBuildConfiguration;
			buildSettings = {
				ALWAYS_EMBED_SWIFT_STANDARD_LIBRARIES = YES;
				CODE_SIGN_STYLE = Automatic;
				DEVELOPMENT_TEAM = K25D5A9T93;
				INFOPLIST_FILE = TODOUITests/Info.plist;
				LD_RUNPATH_SEARCH_PATHS = (
					"$(inherited)",
					"@executable_path/Frameworks",
					"@loader_path/Frameworks",
				);
				PRODUCT_BUNDLE_IDENTIFIER = "Raphae-l-Charoze-.TODOUITests";
				PRODUCT_NAME = "$(TARGET_NAME)";
				SWIFT_VERSION = 5.0;
				TARGETED_DEVICE_FAMILY = "1,2";
				TEST_TARGET_NAME = TODO;
			};
			name = Debug;
		};
		64EF6FA32572A2A90003CEA1 /* Release */ = {
			isa = XCBuildConfiguration;
			buildSettings = {
				ALWAYS_EMBED_SWIFT_STANDARD_LIBRARIES = YES;
				CODE_SIGN_STYLE = Automatic;
				DEVELOPMENT_TEAM = K25D5A9T93;
				INFOPLIST_FILE = TODOUITests/Info.plist;
				LD_RUNPATH_SEARCH_PATHS = (
					"$(inherited)",
					"@executable_path/Frameworks",
					"@loader_path/Frameworks",
				);
				PRODUCT_BUNDLE_IDENTIFIER = "Raphae-l-Charoze-.TODOUITests";
				PRODUCT_NAME = "$(TARGET_NAME)";
				SWIFT_VERSION = 5.0;
				TARGETED_DEVICE_FAMILY = "1,2";
				TEST_TARGET_NAME = TODO;
			};
			name = Release;
		};
/* End XCBuildConfiguration section */

/* Begin XCConfigurationList section */
		64EF6F6C2572A2A60003CEA1 /* Build configuration list for PBXProject "TODO" */ = {
			isa = XCConfigurationList;
			buildConfigurations = (
				64EF6F992572A2A90003CEA1 /* Debug */,
				64EF6F9A2572A2A90003CEA1 /* Release */,
			);
			defaultConfigurationIsVisible = 0;
			defaultConfigurationName = Release;
		};
		64EF6F9B2572A2A90003CEA1 /* Build configuration list for PBXNativeTarget "TODO" */ = {
			isa = XCConfigurationList;
			buildConfigurations = (
				64EF6F9C2572A2A90003CEA1 /* Debug */,
				64EF6F9D2572A2A90003CEA1 /* Release */,
			);
			defaultConfigurationIsVisible = 0;
			defaultConfigurationName = Release;
		};
		64EF6F9E2572A2A90003CEA1 /* Build configuration list for PBXNativeTarget "TODOTests" */ = {
			isa = XCConfigurationList;
			buildConfigurations = (
				64EF6F9F2572A2A90003CEA1 /* Debug */,
				64EF6FA02572A2A90003CEA1 /* Release */,
			);
			defaultConfigurationIsVisible = 0;
			defaultConfigurationName = Release;
		};
		64EF6FA12572A2A90003CEA1 /* Build configuration list for PBXNativeTarget "TODOUITests" */ = {
			isa = XCConfigurationList;
			buildConfigurations = (
				64EF6FA22572A2A90003CEA1 /* Debug */,
				64EF6FA32572A2A90003CEA1 /* Release */,
			);
			defaultConfigurationIsVisible = 0;
			defaultConfigurationName = Release;
		};
/* End XCConfigurationList section */
	};
	rootObject = 64EF6F692572A2A60003CEA1 /* Project object */;
}
